// !$*UTF8*$!
{
	archiveVersion = 1;
	classes = {
	};
	objectVersion = 50;
	objects = {

/* Begin PBXBuildFile section */
		59844DA4216464CB00325578 /* AppDelegate.swift in Sources */ = {isa = PBXBuildFile; fileRef = 59844DA3216464CB00325578 /* AppDelegate.swift */; };
		59844DA6216464CB00325578 /* FirstViewController.swift in Sources */ = {isa = PBXBuildFile; fileRef = 59844DA5216464CB00325578 /* FirstViewController.swift */; };
		59844DA8216464CB00325578 /* SecondViewController.swift in Sources */ = {isa = PBXBuildFile; fileRef = 59844DA7216464CB00325578 /* SecondViewController.swift */; };
		59844DAB216464CB00325578 /* Main.storyboard in Resources */ = {isa = PBXBuildFile; fileRef = 59844DA9216464CB00325578 /* Main.storyboard */; };
		59844DAD216464CC00325578 /* Assets.xcassets in Resources */ = {isa = PBXBuildFile; fileRef = 59844DAC216464CC00325578 /* Assets.xcassets */; };
		59844DB0216464CC00325578 /* LaunchScreen.storyboard in Resources */ = {isa = PBXBuildFile; fileRef = 59844DAE216464CC00325578 /* LaunchScreen.storyboard */; };
		59844DBB216464CC00325578 /* RushmoreTests.swift in Sources */ = {isa = PBXBuildFile; fileRef = 59844DBA216464CC00325578 /* RushmoreTests.swift */; };
		59844DC6216464CC00325578 /* RushmoreUITests.swift in Sources */ = {isa = PBXBuildFile; fileRef = 59844DC5216464CC00325578 /* RushmoreUITests.swift */; };
		59844DD6216474A300325578 /* ViewController1.swift in Sources */ = {isa = PBXBuildFile; fileRef = 59844DD5216474A300325578 /* ViewController1.swift */; };
/* End PBXBuildFile section */

/* Begin PBXContainerItemProxy section */
		59844DB7216464CC00325578 /* PBXContainerItemProxy */ = {
			isa = PBXContainerItemProxy;
			containerPortal = 59844D98216464CB00325578 /* Project object */;
			proxyType = 1;
			remoteGlobalIDString = 59844D9F216464CB00325578;
			remoteInfo = Rushmore;
		};
		59844DC2216464CC00325578 /* PBXContainerItemProxy */ = {
			isa = PBXContainerItemProxy;
			containerPortal = 59844D98216464CB00325578 /* Project object */;
			proxyType = 1;
			remoteGlobalIDString = 59844D9F216464CB00325578;
			remoteInfo = Rushmore;
		};
/* End PBXContainerItemProxy section */

/* Begin PBXFileReference section */
		59844DA0216464CB00325578 /* Rushmore.app */ = {isa = PBXFileReference; explicitFileType = wrapper.application; includeInIndex = 0; path = Rushmore.app; sourceTree = BUILT_PRODUCTS_DIR; };
		59844DA3216464CB00325578 /* AppDelegate.swift */ = {isa = PBXFileReference; lastKnownFileType = sourcecode.swift; path = AppDelegate.swift; sourceTree = "<group>"; };
		59844DA5216464CB00325578 /* FirstViewController.swift */ = {isa = PBXFileReference; lastKnownFileType = sourcecode.swift; path = FirstViewController.swift; sourceTree = "<group>"; };
		59844DA7216464CB00325578 /* SecondViewController.swift */ = {isa = PBXFileReference; lastKnownFileType = sourcecode.swift; path = SecondViewController.swift; sourceTree = "<group>"; };
		59844DAA216464CB00325578 /* Base */ = {isa = PBXFileReference; lastKnownFileType = file.storyboard; name = Base; path = Base.lproj/Main.storyboard; sourceTree = "<group>"; };
		59844DAC216464CC00325578 /* Assets.xcassets */ = {isa = PBXFileReference; lastKnownFileType = folder.assetcatalog; path = Assets.xcassets; sourceTree = "<group>"; };
		59844DAF216464CC00325578 /* Base */ = {isa = PBXFileReference; lastKnownFileType = file.storyboard; name = Base; path = Base.lproj/LaunchScreen.storyboard; sourceTree = "<group>"; };
		59844DB1216464CC00325578 /* Info.plist */ = {isa = PBXFileReference; lastKnownFileType = text.plist.xml; path = Info.plist; sourceTree = "<group>"; };
		59844DB6216464CC00325578 /* RushmoreTests.xctest */ = {isa = PBXFileReference; explicitFileType = wrapper.cfbundle; includeInIndex = 0; path = RushmoreTests.xctest; sourceTree = BUILT_PRODUCTS_DIR; };
		59844DBA216464CC00325578 /* RushmoreTests.swift */ = {isa = PBXFileReference; lastKnownFileType = sourcecode.swift; path = RushmoreTests.swift; sourceTree = "<group>"; };
		59844DBC216464CC00325578 /* Info.plist */ = {isa = PBXFileReference; lastKnownFileType = text.plist.xml; path = Info.plist; sourceTree = "<group>"; };
		59844DC1216464CC00325578 /* RushmoreUITests.xctest */ = {isa = PBXFileReference; explicitFileType = wrapper.cfbundle; includeInIndex = 0; path = RushmoreUITests.xctest; sourceTree = BUILT_PRODUCTS_DIR; };
		59844DC5216464CC00325578 /* RushmoreUITests.swift */ = {isa = PBXFileReference; lastKnownFileType = sourcecode.swift; path = RushmoreUITests.swift; sourceTree = "<group>"; };
		59844DC7216464CC00325578 /* Info.plist */ = {isa = PBXFileReference; lastKnownFileType = text.plist.xml; path = Info.plist; sourceTree = "<group>"; };
		59844DD5216474A300325578 /* ViewController1.swift */ = {isa = PBXFileReference; lastKnownFileType = sourcecode.swift; path = ViewController1.swift; sourceTree = "<group>"; };
/* End PBXFileReference section */

/* Begin PBXFrameworksBuildPhase section */
		59844D9D216464CB00325578 /* Frameworks */ = {
			isa = PBXFrameworksBuildPhase;
			buildActionMask = 2147483647;
			files = (
			);
			runOnlyForDeploymentPostprocessing = 0;
		};
		59844DB3216464CC00325578 /* Frameworks */ = {
			isa = PBXFrameworksBuildPhase;
			buildActionMask = 2147483647;
			files = (
			);
			runOnlyForDeploymentPostprocessing = 0;
		};
		59844DBE216464CC00325578 /* Frameworks */ = {
			isa = PBXFrameworksBuildPhase;
			buildActionMask = 2147483647;
			files = (
			);
			runOnlyForDeploymentPostprocessing = 0;
		};
/* End PBXFrameworksBuildPhase section */

/* Begin PBXGroup section */
		59844D97216464CB00325578 = {
			isa = PBXGroup;
			children = (
				59844DA2216464CB00325578 /* Rushmore */,
				59844DB9216464CC00325578 /* RushmoreTests */,
				59844DC4216464CC00325578 /* RushmoreUITests */,
				59844DA1216464CB00325578 /* Products */,
			);
			sourceTree = "<group>";
		};
		59844DA1216464CB00325578 /* Products */ = {
			isa = PBXGroup;
			children = (
				59844DA0216464CB00325578 /* Rushmore.app */,
				59844DB6216464CC00325578 /* RushmoreTests.xctest */,
				59844DC1216464CC00325578 /* RushmoreUITests.xctest */,
			);
			name = Products;
			sourceTree = "<group>";
		};
		59844DA2216464CB00325578 /* Rushmore */ = {
			isa = PBXGroup;
			children = (
				59844DA3216464CB00325578 /* AppDelegate.swift */,
				59844DA5216464CB00325578 /* FirstViewController.swift */,
				59844DA7216464CB00325578 /* SecondViewController.swift */,
				59844DD5216474A300325578 /* ViewController1.swift */,
				59844DA9216464CB00325578 /* Main.storyboard */,
				59844DAC216464CC00325578 /* Assets.xcassets */,
				59844DAE216464CC00325578 /* LaunchScreen.storyboard */,
				59844DB1216464CC00325578 /* Info.plist */,
			);
			path = Rushmore;
			sourceTree = "<group>";
		};
		59844DB9216464CC00325578 /* RushmoreTests */ = {
			isa = PBXGroup;
			children = (
				59844DBA216464CC00325578 /* RushmoreTests.swift */,
				59844DBC216464CC00325578 /* Info.plist */,
			);
			path = RushmoreTests;
			sourceTree = "<group>";
		};
		59844DC4216464CC00325578 /* RushmoreUITests */ = {
			isa = PBXGroup;
			children = (
				59844DC5216464CC00325578 /* RushmoreUITests.swift */,
				59844DC7216464CC00325578 /* Info.plist */,
			);
			path = RushmoreUITests;
			sourceTree = "<group>";
		};
/* End PBXGroup section */

/* Begin PBXNativeTarget section */
		59844D9F216464CB00325578 /* Rushmore */ = {
			isa = PBXNativeTarget;
			buildConfigurationList = 59844DCA216464CC00325578 /* Build configuration list for PBXNativeTarget "Rushmore" */;
			buildPhases = (
				59844D9C216464CB00325578 /* Sources */,
				59844D9D216464CB00325578 /* Frameworks */,
				59844D9E216464CB00325578 /* Resources */,
			);
			buildRules = (
			);
			dependencies = (
			);
			name = Rushmore;
			productName = Rushmore;
			productReference = 59844DA0216464CB00325578 /* Rushmore.app */;
			productType = "com.apple.product-type.application";
		};
		59844DB5216464CC00325578 /* RushmoreTests */ = {
			isa = PBXNativeTarget;
			buildConfigurationList = 59844DCD216464CC00325578 /* Build configuration list for PBXNativeTarget "RushmoreTests" */;
			buildPhases = (
				59844DB2216464CC00325578 /* Sources */,
				59844DB3216464CC00325578 /* Frameworks */,
				59844DB4216464CC00325578 /* Resources */,
			);
			buildRules = (
			);
			dependencies = (
				59844DB8216464CC00325578 /* PBXTargetDependency */,
			);
			name = RushmoreTests;
			productName = RushmoreTests;
			productReference = 59844DB6216464CC00325578 /* RushmoreTests.xctest */;
			productType = "com.apple.product-type.bundle.unit-test";
		};
		59844DC0216464CC00325578 /* RushmoreUITests */ = {
			isa = PBXNativeTarget;
			buildConfigurationList = 59844DD0216464CC00325578 /* Build configuration list for PBXNativeTarget "RushmoreUITests" */;
			buildPhases = (
				59844DBD216464CC00325578 /* Sources */,
				59844DBE216464CC00325578 /* Frameworks */,
				59844DBF216464CC00325578 /* Resources */,
			);
			buildRules = (
			);
			dependencies = (
				59844DC3216464CC00325578 /* PBXTargetDependency */,
			);
			name = RushmoreUITests;
			productName = RushmoreUITests;
			productReference = 59844DC1216464CC00325578 /* RushmoreUITests.xctest */;
			productType = "com.apple.product-type.bundle.ui-testing";
		};
/* End PBXNativeTarget section */

/* Begin PBXProject section */
		59844D98216464CB00325578 /* Project object */ = {
			isa = PBXProject;
			attributes = {
				LastSwiftUpdateCheck = 0940;
				LastUpgradeCheck = 0940;
				ORGANIZATIONNAME = Rushmore;
				TargetAttributes = {
					59844D9F216464CB00325578 = {
						CreatedOnToolsVersion = 9.4.1;
					};
					59844DB5216464CC00325578 = {
						CreatedOnToolsVersion = 9.4.1;
						TestTargetID = 59844D9F216464CB00325578;
					};
					59844DC0216464CC00325578 = {
						CreatedOnToolsVersion = 9.4.1;
						TestTargetID = 59844D9F216464CB00325578;
					};
				};
			};
			buildConfigurationList = 59844D9B216464CB00325578 /* Build configuration list for PBXProject "Rushmore" */;
			compatibilityVersion = "Xcode 9.3";
			developmentRegion = en;
			hasScannedForEncodings = 0;
			knownRegions = (
				en,
				Base,
			);
			mainGroup = 59844D97216464CB00325578;
			productRefGroup = 59844DA1216464CB00325578 /* Products */;
			projectDirPath = "";
			projectRoot = "";
			targets = (
				59844D9F216464CB00325578 /* Rushmore */,
				59844DB5216464CC00325578 /* RushmoreTests */,
				59844DC0216464CC00325578 /* RushmoreUITests */,
			);
		};
/* End PBXProject section */

/* Begin PBXResourcesBuildPhase section */
		59844D9E216464CB00325578 /* Resources */ = {
			isa = PBXResourcesBuildPhase;
			buildActionMask = 2147483647;
			files = (
				59844DB0216464CC00325578 /* LaunchScreen.storyboard in Resources */,
				59844DAD216464CC00325578 /* Assets.xcassets in Resources */,
				59844DAB216464CB00325578 /* Main.storyboard in Resources */,
			);
			runOnlyForDeploymentPostprocessing = 0;
		};
		59844DB4216464CC00325578 /* Resources */ = {
			isa = PBXResourcesBuildPhase;
			buildActionMask = 2147483647;
			files = (
			);
			runOnlyForDeploymentPostprocessing = 0;
		};
		59844DBF216464CC00325578 /* Resources */ = {
			isa = PBXResourcesBuildPhase;
			buildActionMask = 2147483647;
			files = (
			);
			runOnlyForDeploymentPostprocessing = 0;
		};
/* End PBXResourcesBuildPhase section */

/* Begin PBXSourcesBuildPhase section */
		59844D9C216464CB00325578 /* Sources */ = {
			isa = PBXSourcesBuildPhase;
			buildActionMask = 2147483647;
			files = (
				59844DD6216474A300325578 /* ViewController1.swift in Sources */,
				59844DA8216464CB00325578 /* SecondViewController.swift in Sources */,
				59844DA4216464CB00325578 /* AppDelegate.swift in Sources */,
				59844DA6216464CB00325578 /* FirstViewController.swift in Sources */,
			);
			runOnlyForDeploymentPostprocessing = 0;
		};
		59844DB2216464CC00325578 /* Sources */ = {
			isa = PBXSourcesBuildPhase;
			buildActionMask = 2147483647;
			files = (
				59844DBB216464CC00325578 /* RushmoreTests.swift in Sources */,
			);
			runOnlyForDeploymentPostprocessing = 0;
		};
		59844DBD216464CC00325578 /* Sources */ = {
			isa = PBXSourcesBuildPhase;
			buildActionMask = 2147483647;
			files = (
				59844DC6216464CC00325578 /* RushmoreUITests.swift in Sources */,
			);
			runOnlyForDeploymentPostprocessing = 0;
		};
/* End PBXSourcesBuildPhase section */

/* Begin PBXTargetDependency section */
		59844DB8216464CC00325578 /* PBXTargetDependency */ = {
			isa = PBXTargetDependency;
			target = 59844D9F216464CB00325578 /* Rushmore */;
			targetProxy = 59844DB7216464CC00325578 /* PBXContainerItemProxy */;
		};
		59844DC3216464CC00325578 /* PBXTargetDependency */ = {
			isa = PBXTargetDependency;
			target = 59844D9F216464CB00325578 /* Rushmore */;
			targetProxy = 59844DC2216464CC00325578 /* PBXContainerItemProxy */;
		};
/* End PBXTargetDependency section */

/* Begin PBXVariantGroup section */
		59844DA9216464CB00325578 /* Main.storyboard */ = {
			isa = PBXVariantGroup;
			children = (
				59844DAA216464CB00325578 /* Base */,
			);
			name = Main.storyboard;
			sourceTree = "<group>";
		};
		59844DAE216464CC00325578 /* LaunchScreen.storyboard */ = {
			isa = PBXVariantGroup;
			children = (
				59844DAF216464CC00325578 /* Base */,
			);
			name = LaunchScreen.storyboard;
			sourceTree = "<group>";
		};
/* End PBXVariantGroup section */

/* Begin XCBuildConfiguration section */
		59844DC8216464CC00325578 /* Debug */ = {
			isa = XCBuildConfiguration;
			buildSettings = {
				ALWAYS_SEARCH_USER_PATHS = NO;
				CLANG_ANALYZER_NONNULL = YES;
				CLANG_ANALYZER_NUMBER_OBJECT_CONVERSION = YES_AGGRESSIVE;
				CLANG_CXX_LANGUAGE_STANDARD = "gnu++14";
				CLANG_CXX_LIBRARY = "libc++";
				CLANG_ENABLE_MODULES = YES;
				CLANG_ENABLE_OBJC_ARC = YES;
				CLANG_ENABLE_OBJC_WEAK = YES;
				CLANG_WARN_BLOCK_CAPTURE_AUTORELEASING = YES;
				CLANG_WARN_BOOL_CONVERSION = YES;
				CLANG_WARN_COMMA = YES;
				CLANG_WARN_CONSTANT_CONVERSION = YES;
				CLANG_WARN_DEPRECATED_OBJC_IMPLEMENTATIONS = YES;
				CLANG_WARN_DIRECT_OBJC_ISA_USAGE = YES_ERROR;
				CLANG_WARN_DOCUMENTATION_COMMENTS = YES;
				CLANG_WARN_EMPTY_BODY = YES;
				CLANG_WARN_ENUM_CONVERSION = YES;
				CLANG_WARN_INFINITE_RECURSION = YES;
				CLANG_WARN_INT_CONVERSION = YES;
				CLANG_WARN_NON_LITERAL_NULL_CONVERSION = YES;
				CLANG_WARN_OBJC_IMPLICIT_RETAIN_SELF = YES;
				CLANG_WARN_OBJC_LITERAL_CONVERSION = YES;
				CLANG_WARN_OBJC_ROOT_CLASS = YES_ERROR;
				CLANG_WARN_RANGE_LOOP_ANALYSIS = YES;
				CLANG_WARN_STRICT_PROTOTYPES = YES;
				CLANG_WARN_SUSPICIOUS_MOVE = YES;
				CLANG_WARN_UNGUARDED_AVAILABILITY = YES_AGGRESSIVE;
				CLANG_WARN_UNREACHABLE_CODE = YES;
				CLANG_WARN__DUPLICATE_METHOD_MATCH = YES;
				CODE_SIGN_IDENTITY = "iPhone Developer";
				COPY_PHASE_STRIP = NO;
				DEBUG_INFORMATION_FORMAT = dwarf;
				ENABLE_STRICT_OBJC_MSGSEND = YES;
				ENABLE_TESTABILITY = YES;
				GCC_C_LANGUAGE_STANDARD = gnu11;
				GCC_DYNAMIC_NO_PIC = NO;
				GCC_NO_COMMON_BLOCKS = YES;
				GCC_OPTIMIZATION_LEVEL = 0;
				GCC_PREPROCESSOR_DEFINITIONS = (
					"DEBUG=1",
					"$(inherited)",
				);
				GCC_WARN_64_TO_32_BIT_CONVERSION = YES;
				GCC_WARN_ABOUT_RETURN_TYPE = YES_ERROR;
				GCC_WARN_UNDECLARED_SELECTOR = YES;
				GCC_WARN_UNINITIALIZED_AUTOS = YES_AGGRESSIVE;
				GCC_WARN_UNUSED_FUNCTION = YES;
				GCC_WARN_UNUSED_VARIABLE = YES;
				IPHONEOS_DEPLOYMENT_TARGET = 11.4;
				MTL_ENABLE_DEBUG_INFO = YES;
				ONLY_ACTIVE_ARCH = YES;
				SDKROOT = iphoneos;
				SWIFT_ACTIVE_COMPILATION_CONDITIONS = DEBUG;
				SWIFT_OPTIMIZATION_LEVEL = "-Onone";
			};
			name = Debug;
		};
		59844DC9216464CC00325578 /* Release */ = {
			isa = XCBuildConfiguration;
			buildSettings = {
				ALWAYS_SEARCH_USER_PATHS = NO;
				CLANG_ANALYZER_NONNULL = YES;
				CLANG_ANALYZER_NUMBER_OBJECT_CONVERSION = YES_AGGRESSIVE;
				CLANG_CXX_LANGUAGE_STANDARD = "gnu++14";
				CLANG_CXX_LIBRARY = "libc++";
				CLANG_ENABLE_MODULES = YES;
				CLANG_ENABLE_OBJC_ARC = YES;
				CLANG_ENABLE_OBJC_WEAK = YES;
				CLANG_WARN_BLOCK_CAPTURE_AUTORELEASING = YES;
				CLANG_WARN_BOOL_CONVERSION = YES;
				CLANG_WARN_COMMA = YES;
				CLANG_WARN_CONSTANT_CONVERSION = YES;
				CLANG_WARN_DEPRECATED_OBJC_IMPLEMENTATIONS = YES;
				CLANG_WARN_DIRECT_OBJC_ISA_USAGE = YES_ERROR;
				CLANG_WARN_DOCUMENTATION_COMMENTS = YES;
				CLANG_WARN_EMPTY_BODY = YES;
				CLANG_WARN_ENUM_CONVERSION = YES;
				CLANG_WARN_INFINITE_RECURSION = YES;
				CLANG_WARN_INT_CONVERSION = YES;
				CLANG_WARN_NON_LITERAL_NULL_CONVERSION = YES;
				CLANG_WARN_OBJC_IMPLICIT_RETAIN_SELF = YES;
				CLANG_WARN_OBJC_LITERAL_CONVERSION = YES;
				CLANG_WARN_OBJC_ROOT_CLASS = YES_ERROR;
				CLANG_WARN_RANGE_LOOP_ANALYSIS = YES;
				CLANG_WARN_STRICT_PROTOTYPES = YES;
				CLANG_WARN_SUSPICIOUS_MOVE = YES;
				CLANG_WARN_UNGUARDED_AVAILABILITY = YES_AGGRESSIVE;
				CLANG_WARN_UNREACHABLE_CODE = YES;
				CLANG_WARN__DUPLICATE_METHOD_MATCH = YES;
				CODE_SIGN_IDENTITY = "iPhone Developer";
				COPY_PHASE_STRIP = NO;
				DEBUG_INFORMATION_FORMAT = "dwarf-with-dsym";
				ENABLE_NS_ASSERTIONS = NO;
				ENABLE_STRICT_OBJC_MSGSEND = YES;
				GCC_C_LANGUAGE_STANDARD = gnu11;
				GCC_NO_COMMON_BLOCKS = YES;
				GCC_WARN_64_TO_32_BIT_CONVERSION = YES;
				GCC_WARN_ABOUT_RETURN_TYPE = YES_ERROR;
				GCC_WARN_UNDECLARED_SELECTOR = YES;
				GCC_WARN_UNINITIALIZED_AUTOS = YES_AGGRESSIVE;
				GCC_WARN_UNUSED_FUNCTION = YES;
				GCC_WARN_UNUSED_VARIABLE = YES;
				IPHONEOS_DEPLOYMENT_TARGET = 11.4;
				MTL_ENABLE_DEBUG_INFO = NO;
				SDKROOT = iphoneos;
				SWIFT_COMPILATION_MODE = wholemodule;
				SWIFT_OPTIMIZATION_LEVEL = "-O";
				VALIDATE_PRODUCT = YES;
			};
			name = Release;
		};
		59844DCB216464CC00325578 /* Debug */ = {
			isa = XCBuildConfiguration;
			buildSettings = {
				ASSETCATALOG_COMPILER_APPICON_NAME = AppIcon;
				CODE_SIGN_STYLE = Automatic;
				INFOPLIST_FILE = Rushmore/Info.plist;
				LD_RUNPATH_SEARCH_PATHS = (
					"$(inherited)",
					"@executable_path/Frameworks",
				);
				PRODUCT_BUNDLE_IDENTIFIER = aconry.Rushmore;
				PRODUCT_NAME = "$(TARGET_NAME)";
				SWIFT_VERSION = 4.0;
				TARGETED_DEVICE_FAMILY = "1,2";
			};
			name = Debug;
		};
		59844DCC216464CC00325578 /* Release */ = {
			isa = XCBuildConfiguration;
			buildSettings = {
				ASSETCATALOG_COMPILER_APPICON_NAME = AppIcon;
				CODE_SIGN_STYLE = Automatic;
				INFOPLIST_FILE = Rushmore/Info.plist;
				LD_RUNPATH_SEARCH_PATHS = (
					"$(inherited)",
					"@executable_path/Frameworks",
				);
				PRODUCT_BUNDLE_IDENTIFIER = aconry.Rushmore;
				PRODUCT_NAME = "$(TARGET_NAME)";
				SWIFT_VERSION = 4.0;
				TARGETED_DEVICE_FAMILY = "1,2";
			};
			name = Release;
		};
		59844DCE216464CC00325578 /* Debug */ = {
			isa = XCBuildConfiguration;
			buildSettings = {
				ALWAYS_EMBED_SWIFT_STANDARD_LIBRARIES = YES;
				BUNDLE_LOADER = "$(TEST_HOST)";
				CODE_SIGN_STYLE = Automatic;
				INFOPLIST_FILE = RushmoreTests/Info.plist;
				LD_RUNPATH_SEARCH_PATHS = (
					"$(inherited)",
					"@executable_path/Frameworks",
					"@loader_path/Frameworks",
				);
				PRODUCT_BUNDLE_IDENTIFIER = aconry.RushmoreTests;
				PRODUCT_NAME = "$(TARGET_NAME)";
				SWIFT_VERSION = 4.0;
				TARGETED_DEVICE_FAMILY = "1,2";
				TEST_HOST = "$(BUILT_PRODUCTS_DIR)/Rushmore.app/Rushmore";
			};
			name = Debug;
		};
		59844DCF216464CC00325578 /* Release */ = {
			isa = XCBuildConfiguration;
			buildSettings = {
				ALWAYS_EMBED_SWIFT_STANDARD_LIBRARIES = YES;
				BUNDLE_LOADER = "$(TEST_HOST)";
				CODE_SIGN_STYLE = Automatic;
				INFOPLIST_FILE = RushmoreTests/Info.plist;
				LD_RUNPATH_SEARCH_PATHS = (
					"$(inherited)",
					"@executable_path/Frameworks",
					"@loader_path/Frameworks",
				);
				PRODUCT_BUNDLE_IDENTIFIER = aconry.RushmoreTests;
				PRODUCT_NAME = "$(TARGET_NAME)";
				SWIFT_VERSION = 4.0;
				TARGETED_DEVICE_FAMILY = "1,2";
				TEST_HOST = "$(BUILT_PRODUCTS_DIR)/Rushmore.app/Rushmore";
			};
			name = Release;
		};
		59844DD1216464CC00325578 /* Debug */ = {
			isa = XCBuildConfiguration;
			buildSettings = {
				ALWAYS_EMBED_SWIFT_STANDARD_LIBRARIES = YES;
				CODE_SIGN_STYLE = Automatic;
				INFOPLIST_FILE = RushmoreUITests/Info.plist;
				LD_RUNPATH_SEARCH_PATHS = (
					"$(inherited)",
					"@executable_path/Frameworks",
					"@loader_path/Frameworks",
				);
				PRODUCT_BUNDLE_IDENTIFIER = aconry.RushmoreUITests;
				PRODUCT_NAME = "$(TARGET_NAME)";
				SWIFT_VERSION = 4.0;
				TARGETED_DEVICE_FAMILY = "1,2";
				TEST_TARGET_NAME = Rushmore;
			};
			name = Debug;
		};
		59844DD2216464CC00325578 /* Release */ = {
			isa = XCBuildConfiguration;
			buildSettings = {
				ALWAYS_EMBED_SWIFT_STANDARD_LIBRARIES = YES;
				CODE_SIGN_STYLE = Automatic;
				INFOPLIST_FILE = RushmoreUITests/Info.plist;
				LD_RUNPATH_SEARCH_PATHS = (
					"$(inherited)",
					"@executable_path/Frameworks",
					"@loader_path/Frameworks",
				);
				PRODUCT_BUNDLE_IDENTIFIER = aconry.RushmoreUITests;
				PRODUCT_NAME = "$(TARGET_NAME)";
				SWIFT_VERSION = 4.0;
				TARGETED_DEVICE_FAMILY = "1,2";
				TEST_TARGET_NAME = Rushmore;
			};
			name = Release;
		};
/* End XCBuildConfiguration section */

/* Begin XCConfigurationList section */
		59844D9B216464CB00325578 /* Build configuration list for PBXProject "Rushmore" */ = {
			isa = XCConfigurationList;
			buildConfigurations = (
				59844DC8216464CC00325578 /* Debug */,
				59844DC9216464CC00325578 /* Release */,
			);
			defaultConfigurationIsVisible = 0;
			defaultConfigurationName = Release;
		};
		59844DCA216464CC00325578 /* Build configuration list for PBXNativeTarget "Rushmore" */ = {
			isa = XCConfigurationList;
			buildConfigurations = (
				59844DCB216464CC00325578 /* Debug */,
				59844DCC216464CC00325578 /* Release */,
			);
			defaultConfigurationIsVisible = 0;
			defaultConfigurationName = Release;
		};
		59844DCD216464CC00325578 /* Build configuration list for PBXNativeTarget "RushmoreTests" */ = {
			isa = XCConfigurationList;
			buildConfigurations = (
				59844DCE216464CC00325578 /* Debug */,
				59844DCF216464CC00325578 /* Release */,
			);
			defaultConfigurationIsVisible = 0;
			defaultConfigurationName = Release;
		};
		59844DD0216464CC00325578 /* Build configuration list for PBXNativeTarget "RushmoreUITests" */ = {
			isa = XCConfigurationList;
			buildConfigurations = (
				59844DD1216464CC00325578 /* Debug */,
				59844DD2216464CC00325578 /* Release */,
			);
			defaultConfigurationIsVisible = 0;
			defaultConfigurationName = Release;
		};
/* End XCConfigurationList section */
	};
	rootObject = 59844D98216464CB00325578 /* Project object */;
}
