// !$*UTF8*$!
{
	archiveVersion = 1;
	classes = {
	};
	objectVersion = 50;
	objects = {

/* Begin PBXBuildFile section */
		19CF5043484A73424D47AF8C /* Pods_RushmoreUITests.framework in Frameworks */ = {isa = PBXBuildFile; fileRef = C44407A7F0A2541860B1E517 /* Pods_RushmoreUITests.framework */; };
		59530D2721869ADA00893736 /* MemberProfile.swift in Sources */ = {isa = PBXBuildFile; fileRef = 59530D2621869ADA00893736 /* MemberProfile.swift */; };
		59530D2921869BE200893736 /* RusheeProfile.swift in Sources */ = {isa = PBXBuildFile; fileRef = 59530D2821869BE200893736 /* RusheeProfile.swift */; };
		59530D2D2186DBAD00893736 /* User.swift in Sources */ = {isa = PBXBuildFile; fileRef = 59530D2C2186DBAD00893736 /* User.swift */; };
		59530D2F2186DD6B00893736 /* RusheeRegister.swift in Sources */ = {isa = PBXBuildFile; fileRef = 59530D2E2186DD6B00893736 /* RusheeRegister.swift */; };
		59530D3421880A8C00893736 /* EditRusheeProfile.swift in Sources */ = {isa = PBXBuildFile; fileRef = 59530D3321880A8C00893736 /* EditRusheeProfile.swift */; };
		59535823219667E000C3A4A1 /* MemberFeedCell.swift in Sources */ = {isa = PBXBuildFile; fileRef = 59535822219667E000C3A4A1 /* MemberFeedCell.swift */; };
		595358252196685100C3A4A1 /* MemberFeed.swift in Sources */ = {isa = PBXBuildFile; fileRef = 595358242196685100C3A4A1 /* MemberFeed.swift */; };
		5961E04E219B845E00E83130 /* AWSAuthCore.framework in Frameworks */ = {isa = PBXBuildFile; fileRef = 5961E04D219B845E00E83130 /* AWSAuthCore.framework */; };
		5961E050219B846400E83130 /* AWSMobileClient.framework in Frameworks */ = {isa = PBXBuildFile; fileRef = 5961E04F219B846400E83130 /* AWSMobileClient.framework */; };
		5961E052219B846800E83130 /* AWSCore.framework in Frameworks */ = {isa = PBXBuildFile; fileRef = 5961E051219B846800E83130 /* AWSCore.framework */; };
		59844DA4216464CB00325578 /* AppDelegate.swift in Sources */ = {isa = PBXBuildFile; fileRef = 59844DA3216464CB00325578 /* AppDelegate.swift */; };
		59844DAB216464CB00325578 /* Main.storyboard in Resources */ = {isa = PBXBuildFile; fileRef = 59844DA9216464CB00325578 /* Main.storyboard */; };
		59844DAD216464CC00325578 /* Assets.xcassets in Resources */ = {isa = PBXBuildFile; fileRef = 59844DAC216464CC00325578 /* Assets.xcassets */; };
		59844DB0216464CC00325578 /* LaunchScreen.storyboard in Resources */ = {isa = PBXBuildFile; fileRef = 59844DAE216464CC00325578 /* LaunchScreen.storyboard */; };
		59844DBB216464CC00325578 /* RushmoreTests.swift in Sources */ = {isa = PBXBuildFile; fileRef = 59844DBA216464CC00325578 /* RushmoreTests.swift */; };
		59844DC6216464CC00325578 /* RushmoreUITests.swift in Sources */ = {isa = PBXBuildFile; fileRef = 59844DC5216464CC00325578 /* RushmoreUITests.swift */; };
		59844DD6216474A300325578 /* Login.swift in Sources */ = {isa = PBXBuildFile; fileRef = 59844DD5216474A300325578 /* Login.swift */; };
		599330B72188E2F200925D73 /* EditMemberProfile.swift in Sources */ = {isa = PBXBuildFile; fileRef = 599330B62188E2F200925D73 /* EditMemberProfile.swift */; };
		599330B921899F0B00925D73 /* RusheeFeed.swift in Sources */ = {isa = PBXBuildFile; fileRef = 599330B821899F0A00925D73 /* RusheeFeed.swift */; };
		599330BB2189A30B00925D73 /* RusheeFeedCell.swift in Sources */ = {isa = PBXBuildFile; fileRef = 599330BA2189A30B00925D73 /* RusheeFeedCell.swift */; };
		599330BD2189A43B00925D73 /* Post.swift in Sources */ = {isa = PBXBuildFile; fileRef = 599330BC2189A43A00925D73 /* Post.swift */; };
		59A4EC36219B7D1B002ABF1D /* awsconfiguration (2).json in Resources */ = {isa = PBXBuildFile; fileRef = 59A4EC35219B7D1B002ABF1D /* awsconfiguration (2).json */; };
		59E6CA5E21754ECF00514655 /* MemberRegister.swift in Sources */ = {isa = PBXBuildFile; fileRef = 59E6CA5D21754ECF00514655 /* MemberRegister.swift */; };
		9D322460830859BD53ABBA1D /* Pods_RushmoreTests.framework in Frameworks */ = {isa = PBXBuildFile; fileRef = 20C0009AF760F47CFF688EDF /* Pods_RushmoreTests.framework */; };
		A26C85B9A17806B8CF7E35B6 /* Pods_Rushmore.framework in Frameworks */ = {isa = PBXBuildFile; fileRef = 53A05A5409262A9E7ED63D1C /* Pods_Rushmore.framework */; };
/* End PBXBuildFile section */

/* Begin PBXContainerItemProxy section */
		59844DB7216464CC00325578 /* PBXContainerItemProxy */ = {
			isa = PBXContainerItemProxy;
			containerPortal = 59844D98216464CB00325578 /* Project object */;
			proxyType = 1;
			remoteGlobalIDString = 59844D9F216464CB00325578;
			remoteInfo = Rushmore;
		};
		59844DC2216464CC00325578 /* PBXContainerItemProxy */ = {
			isa = PBXContainerItemProxy;
			containerPortal = 59844D98216464CB00325578 /* Project object */;
			proxyType = 1;
			remoteGlobalIDString = 59844D9F216464CB00325578;
			remoteInfo = Rushmore;
		};
/* End PBXContainerItemProxy section */

/* Begin PBXFileReference section */
		056426D66F97BB3E82E21AED /* Pods-RushmoreTests.release.xcconfig */ = {isa = PBXFileReference; includeInIndex = 1; lastKnownFileType = text.xcconfig; name = "Pods-RushmoreTests.release.xcconfig"; path = "Pods/Target Support Files/Pods-RushmoreTests/Pods-RushmoreTests.release.xcconfig"; sourceTree = "<group>"; };
		16C42155C0F9D36AC0B0B7E7 /* Pods-RushmoreTests.debug.xcconfig */ = {isa = PBXFileReference; includeInIndex = 1; lastKnownFileType = text.xcconfig; name = "Pods-RushmoreTests.debug.xcconfig"; path = "Pods/Target Support Files/Pods-RushmoreTests/Pods-RushmoreTests.debug.xcconfig"; sourceTree = "<group>"; };
		20C0009AF760F47CFF688EDF /* Pods_RushmoreTests.framework */ = {isa = PBXFileReference; explicitFileType = wrapper.framework; includeInIndex = 0; path = Pods_RushmoreTests.framework; sourceTree = BUILT_PRODUCTS_DIR; };
		3CB71CF287E149A1A64A9293 /* Pods-RushmoreUITests.release.xcconfig */ = {isa = PBXFileReference; includeInIndex = 1; lastKnownFileType = text.xcconfig; name = "Pods-RushmoreUITests.release.xcconfig"; path = "Pods/Target Support Files/Pods-RushmoreUITests/Pods-RushmoreUITests.release.xcconfig"; sourceTree = "<group>"; };
		3E2ABC2CEAE7208F0F7CC4B3 /* Pods-Rushmore.debug.xcconfig */ = {isa = PBXFileReference; includeInIndex = 1; lastKnownFileType = text.xcconfig; name = "Pods-Rushmore.debug.xcconfig"; path = "Pods/Target Support Files/Pods-Rushmore/Pods-Rushmore.debug.xcconfig"; sourceTree = "<group>"; };
		53A05A5409262A9E7ED63D1C /* Pods_Rushmore.framework */ = {isa = PBXFileReference; explicitFileType = wrapper.framework; includeInIndex = 0; path = Pods_Rushmore.framework; sourceTree = BUILT_PRODUCTS_DIR; };
		59530D2621869ADA00893736 /* MemberProfile.swift */ = {isa = PBXFileReference; lastKnownFileType = sourcecode.swift; path = MemberProfile.swift; sourceTree = "<group>"; };
		59530D2821869BE200893736 /* RusheeProfile.swift */ = {isa = PBXFileReference; lastKnownFileType = sourcecode.swift; path = RusheeProfile.swift; sourceTree = "<group>"; };
		59530D2C2186DBAD00893736 /* User.swift */ = {isa = PBXFileReference; lastKnownFileType = sourcecode.swift; path = User.swift; sourceTree = "<group>"; };
		59530D2E2186DD6B00893736 /* RusheeRegister.swift */ = {isa = PBXFileReference; lastKnownFileType = sourcecode.swift; path = RusheeRegister.swift; sourceTree = "<group>"; };
		59530D3321880A8C00893736 /* EditRusheeProfile.swift */ = {isa = PBXFileReference; lastKnownFileType = sourcecode.swift; path = EditRusheeProfile.swift; sourceTree = "<group>"; };
		59535822219667E000C3A4A1 /* MemberFeedCell.swift */ = {isa = PBXFileReference; lastKnownFileType = sourcecode.swift; path = MemberFeedCell.swift; sourceTree = "<group>"; };
		595358242196685100C3A4A1 /* MemberFeed.swift */ = {isa = PBXFileReference; lastKnownFileType = sourcecode.swift; path = MemberFeed.swift; sourceTree = "<group>"; };
		5961E04D219B845E00E83130 /* AWSAuthCore.framework */ = {isa = PBXFileReference; explicitFileType = wrapper.framework; path = AWSAuthCore.framework; sourceTree = BUILT_PRODUCTS_DIR; };
		5961E04F219B846400E83130 /* AWSMobileClient.framework */ = {isa = PBXFileReference; explicitFileType = wrapper.framework; path = AWSMobileClient.framework; sourceTree = BUILT_PRODUCTS_DIR; };
		5961E051219B846800E83130 /* AWSCore.framework */ = {isa = PBXFileReference; explicitFileType = wrapper.framework; path = AWSCore.framework; sourceTree = BUILT_PRODUCTS_DIR; };
		59844DA0216464CB00325578 /* Rushmore.app */ = {isa = PBXFileReference; explicitFileType = wrapper.application; includeInIndex = 0; path = Rushmore.app; sourceTree = BUILT_PRODUCTS_DIR; };
		59844DA3216464CB00325578 /* AppDelegate.swift */ = {isa = PBXFileReference; lastKnownFileType = sourcecode.swift; path = AppDelegate.swift; sourceTree = "<group>"; };
		59844DAA216464CB00325578 /* Base */ = {isa = PBXFileReference; lastKnownFileType = file.storyboard; name = Base; path = Base.lproj/Main.storyboard; sourceTree = "<group>"; };
		59844DAC216464CC00325578 /* Assets.xcassets */ = {isa = PBXFileReference; lastKnownFileType = folder.assetcatalog; path = Assets.xcassets; sourceTree = "<group>"; };
		59844DAF216464CC00325578 /* Base */ = {isa = PBXFileReference; lastKnownFileType = file.storyboard; name = Base; path = Base.lproj/LaunchScreen.storyboard; sourceTree = "<group>"; };
		59844DB1216464CC00325578 /* Info.plist */ = {isa = PBXFileReference; lastKnownFileType = text.plist.xml; path = Info.plist; sourceTree = "<group>"; };
		59844DB6216464CC00325578 /* RushmoreTests.xctest */ = {isa = PBXFileReference; explicitFileType = wrapper.cfbundle; includeInIndex = 0; path = RushmoreTests.xctest; sourceTree = BUILT_PRODUCTS_DIR; };
		59844DBA216464CC00325578 /* RushmoreTests.swift */ = {isa = PBXFileReference; lastKnownFileType = sourcecode.swift; path = RushmoreTests.swift; sourceTree = "<group>"; };
		59844DBC216464CC00325578 /* Info.plist */ = {isa = PBXFileReference; lastKnownFileType = text.plist.xml; path = Info.plist; sourceTree = "<group>"; };
		59844DC1216464CC00325578 /* RushmoreUITests.xctest */ = {isa = PBXFileReference; explicitFileType = wrapper.cfbundle; includeInIndex = 0; path = RushmoreUITests.xctest; sourceTree = BUILT_PRODUCTS_DIR; };
		59844DC5216464CC00325578 /* RushmoreUITests.swift */ = {isa = PBXFileReference; lastKnownFileType = sourcecode.swift; path = RushmoreUITests.swift; sourceTree = "<group>"; };
		59844DC7216464CC00325578 /* Info.plist */ = {isa = PBXFileReference; lastKnownFileType = text.plist.xml; path = Info.plist; sourceTree = "<group>"; };
		59844DD5216474A300325578 /* Login.swift */ = {isa = PBXFileReference; lastKnownFileType = sourcecode.swift; path = Login.swift; sourceTree = "<group>"; };
		599330B62188E2F200925D73 /* EditMemberProfile.swift */ = {isa = PBXFileReference; lastKnownFileType = sourcecode.swift; path = EditMemberProfile.swift; sourceTree = "<group>"; };
		599330B821899F0A00925D73 /* RusheeFeed.swift */ = {isa = PBXFileReference; lastKnownFileType = sourcecode.swift; path = RusheeFeed.swift; sourceTree = "<group>"; };
		599330BA2189A30B00925D73 /* RusheeFeedCell.swift */ = {isa = PBXFileReference; lastKnownFileType = sourcecode.swift; path = RusheeFeedCell.swift; sourceTree = "<group>"; };
		599330BC2189A43A00925D73 /* Post.swift */ = {isa = PBXFileReference; lastKnownFileType = sourcecode.swift; path = Post.swift; sourceTree = "<group>"; };
		59A4EC35219B7D1B002ABF1D /* awsconfiguration (2).json */ = {isa = PBXFileReference; fileEncoding = 4; lastKnownFileType = text.json; name = "awsconfiguration (2).json"; path = "../../../../../../var/folders/b7/xn5vk0591793r8y49p82f99r0000gp/T/com.apple.iChat/Messages/Transfers/awsconfiguration (2).json"; sourceTree = "<group>"; };
		59E6CA5D21754ECF00514655 /* MemberRegister.swift */ = {isa = PBXFileReference; lastKnownFileType = sourcecode.swift; path = MemberRegister.swift; sourceTree = "<group>"; };
		6746FDE5A0D6691379C00129 /* Pods-RushmoreUITests.debug.xcconfig */ = {isa = PBXFileReference; includeInIndex = 1; lastKnownFileType = text.xcconfig; name = "Pods-RushmoreUITests.debug.xcconfig"; path = "Pods/Target Support Files/Pods-RushmoreUITests/Pods-RushmoreUITests.debug.xcconfig"; sourceTree = "<group>"; };
		A21729A22306BA5B827AD46C /* Pods-Rushmore.release.xcconfig */ = {isa = PBXFileReference; includeInIndex = 1; lastKnownFileType = text.xcconfig; name = "Pods-Rushmore.release.xcconfig"; path = "Pods/Target Support Files/Pods-Rushmore/Pods-Rushmore.release.xcconfig"; sourceTree = "<group>"; };
		C44407A7F0A2541860B1E517 /* Pods_RushmoreUITests.framework */ = {isa = PBXFileReference; explicitFileType = wrapper.framework; includeInIndex = 0; path = Pods_RushmoreUITests.framework; sourceTree = BUILT_PRODUCTS_DIR; };
/* End PBXFileReference section */

/* Begin PBXFrameworksBuildPhase section */
		59844D9D216464CB00325578 /* Frameworks */ = {
			isa = PBXFrameworksBuildPhase;
			buildActionMask = 2147483647;
			files = (
				5961E052219B846800E83130 /* AWSCore.framework in Frameworks */,
				5961E050219B846400E83130 /* AWSMobileClient.framework in Frameworks */,
				5961E04E219B845E00E83130 /* AWSAuthCore.framework in Frameworks */,
				A26C85B9A17806B8CF7E35B6 /* Pods_Rushmore.framework in Frameworks */,
			);
			runOnlyForDeploymentPostprocessing = 0;
		};
		59844DB3216464CC00325578 /* Frameworks */ = {
			isa = PBXFrameworksBuildPhase;
			buildActionMask = 2147483647;
			files = (
				9D322460830859BD53ABBA1D /* Pods_RushmoreTests.framework in Frameworks */,
			);
			runOnlyForDeploymentPostprocessing = 0;
		};
		59844DBE216464CC00325578 /* Frameworks */ = {
			isa = PBXFrameworksBuildPhase;
			buildActionMask = 2147483647;
			files = (
				19CF5043484A73424D47AF8C /* Pods_RushmoreUITests.framework in Frameworks */,
			);
			runOnlyForDeploymentPostprocessing = 0;
		};
/* End PBXFrameworksBuildPhase section */

/* Begin PBXGroup section */
		036A3017C41A807339FEDBD6 /* Frameworks */ = {
			isa = PBXGroup;
			children = (
				5961E051219B846800E83130 /* AWSCore.framework */,
				5961E04F219B846400E83130 /* AWSMobileClient.framework */,
				5961E04D219B845E00E83130 /* AWSAuthCore.framework */,
				53A05A5409262A9E7ED63D1C /* Pods_Rushmore.framework */,
				20C0009AF760F47CFF688EDF /* Pods_RushmoreTests.framework */,
				C44407A7F0A2541860B1E517 /* Pods_RushmoreUITests.framework */,
			);
			name = Frameworks;
			sourceTree = "<group>";
		};
		59844D97216464CB00325578 = {
			isa = PBXGroup;
			children = (
				59844DA2216464CB00325578 /* Rushmore */,
				59844DB9216464CC00325578 /* RushmoreTests */,
				59844DC4216464CC00325578 /* RushmoreUITests */,
				59844DA1216464CB00325578 /* Products */,
				DFA352270991D1B79F64CA7D /* Pods */,
				036A3017C41A807339FEDBD6 /* Frameworks */,
			);
			sourceTree = "<group>";
		};
		59844DA1216464CB00325578 /* Products */ = {
			isa = PBXGroup;
			children = (
				59844DA0216464CB00325578 /* Rushmore.app */,
				59844DB6216464CC00325578 /* RushmoreTests.xctest */,
				59844DC1216464CC00325578 /* RushmoreUITests.xctest */,
			);
			name = Products;
			sourceTree = "<group>";
		};
		59844DA2216464CB00325578 /* Rushmore */ = {
			isa = PBXGroup;
			children = (
				59844DA3216464CB00325578 /* AppDelegate.swift */,
				59844DD5216474A300325578 /* Login.swift */,
				59530D2C2186DBAD00893736 /* User.swift */,
				59E6CA5D21754ECF00514655 /* MemberRegister.swift */,
				59530D2E2186DD6B00893736 /* RusheeRegister.swift */,
				59530D2821869BE200893736 /* RusheeProfile.swift */,
				59530D3321880A8C00893736 /* EditRusheeProfile.swift */,
				59530D2621869ADA00893736 /* MemberProfile.swift */,
				599330B62188E2F200925D73 /* EditMemberProfile.swift */,
				599330BC2189A43A00925D73 /* Post.swift */,
				599330B821899F0A00925D73 /* RusheeFeed.swift */,
				595358242196685100C3A4A1 /* MemberFeed.swift */,
				59535822219667E000C3A4A1 /* MemberFeedCell.swift */,
				599330BA2189A30B00925D73 /* RusheeFeedCell.swift */,
				59844DA9216464CB00325578 /* Main.storyboard */,
				59844DAC216464CC00325578 /* Assets.xcassets */,
				59844DAE216464CC00325578 /* LaunchScreen.storyboard */,
				59844DB1216464CC00325578 /* Info.plist */,
				59A4EC35219B7D1B002ABF1D /* awsconfiguration (2).json */,
			);
			path = Rushmore;
			sourceTree = "<group>";
		};
		59844DB9216464CC00325578 /* RushmoreTests */ = {
			isa = PBXGroup;
			children = (
				59844DBA216464CC00325578 /* RushmoreTests.swift */,
				59844DBC216464CC00325578 /* Info.plist */,
			);
			path = RushmoreTests;
			sourceTree = "<group>";
		};
		59844DC4216464CC00325578 /* RushmoreUITests */ = {
			isa = PBXGroup;
			children = (
				59844DC5216464CC00325578 /* RushmoreUITests.swift */,
				59844DC7216464CC00325578 /* Info.plist */,
			);
			path = RushmoreUITests;
			sourceTree = "<group>";
		};
		DFA352270991D1B79F64CA7D /* Pods */ = {
			isa = PBXGroup;
			children = (
				3E2ABC2CEAE7208F0F7CC4B3 /* Pods-Rushmore.debug.xcconfig */,
				A21729A22306BA5B827AD46C /* Pods-Rushmore.release.xcconfig */,
				16C42155C0F9D36AC0B0B7E7 /* Pods-RushmoreTests.debug.xcconfig */,
				056426D66F97BB3E82E21AED /* Pods-RushmoreTests.release.xcconfig */,
				6746FDE5A0D6691379C00129 /* Pods-RushmoreUITests.debug.xcconfig */,
				3CB71CF287E149A1A64A9293 /* Pods-RushmoreUITests.release.xcconfig */,
			);
			name = Pods;
			sourceTree = "<group>";
		};
/* End PBXGroup section */

/* Begin PBXNativeTarget section */
		59844D9F216464CB00325578 /* Rushmore */ = {
			isa = PBXNativeTarget;
			buildConfigurationList = 59844DCA216464CC00325578 /* Build configuration list for PBXNativeTarget "Rushmore" */;
			buildPhases = (
				8B117BD13C5DDA1D73113602 /* [CP] Check Pods Manifest.lock */,
				59844D9C216464CB00325578 /* Sources */,
				59844D9D216464CB00325578 /* Frameworks */,
				59844D9E216464CB00325578 /* Resources */,
			);
			buildRules = (
			);
			dependencies = (
			);
			name = Rushmore;
			productName = Rushmore;
			productReference = 59844DA0216464CB00325578 /* Rushmore.app */;
			productType = "com.apple.product-type.application";
		};
		59844DB5216464CC00325578 /* RushmoreTests */ = {
			isa = PBXNativeTarget;
			buildConfigurationList = 59844DCD216464CC00325578 /* Build configuration list for PBXNativeTarget "RushmoreTests" */;
			buildPhases = (
				B509950D726A31D7015A9204 /* [CP] Check Pods Manifest.lock */,
				59844DB2216464CC00325578 /* Sources */,
				59844DB3216464CC00325578 /* Frameworks */,
				59844DB4216464CC00325578 /* Resources */,
			);
			buildRules = (
			);
			dependencies = (
				59844DB8216464CC00325578 /* PBXTargetDependency */,
			);
			name = RushmoreTests;
			productName = RushmoreTests;
			productReference = 59844DB6216464CC00325578 /* RushmoreTests.xctest */;
			productType = "com.apple.product-type.bundle.unit-test";
		};
		59844DC0216464CC00325578 /* RushmoreUITests */ = {
			isa = PBXNativeTarget;
			buildConfigurationList = 59844DD0216464CC00325578 /* Build configuration list for PBXNativeTarget "RushmoreUITests" */;
			buildPhases = (
				E02EC2501E393A5D3950A0F5 /* [CP] Check Pods Manifest.lock */,
				59844DBD216464CC00325578 /* Sources */,
				59844DBE216464CC00325578 /* Frameworks */,
				59844DBF216464CC00325578 /* Resources */,
			);
			buildRules = (
			);
			dependencies = (
				59844DC3216464CC00325578 /* PBXTargetDependency */,
			);
			name = RushmoreUITests;
			productName = RushmoreUITests;
			productReference = 59844DC1216464CC00325578 /* RushmoreUITests.xctest */;
			productType = "com.apple.product-type.bundle.ui-testing";
		};
/* End PBXNativeTarget section */

/* Begin PBXProject section */
		59844D98216464CB00325578 /* Project object */ = {
			isa = PBXProject;
			attributes = {
				LastSwiftUpdateCheck = 0940;
				LastUpgradeCheck = 0940;
				ORGANIZATIONNAME = Rushmore;
				TargetAttributes = {
					59844D9F216464CB00325578 = {
						CreatedOnToolsVersion = 9.4.1;
					};
					59844DB5216464CC00325578 = {
						CreatedOnToolsVersion = 9.4.1;
						TestTargetID = 59844D9F216464CB00325578;
					};
					59844DC0216464CC00325578 = {
						CreatedOnToolsVersion = 9.4.1;
						TestTargetID = 59844D9F216464CB00325578;
					};
				};
			};
			buildConfigurationList = 59844D9B216464CB00325578 /* Build configuration list for PBXProject "Rushmore" */;
			compatibilityVersion = "Xcode 9.3";
			developmentRegion = en;
			hasScannedForEncodings = 0;
			knownRegions = (
				en,
				Base,
			);
			mainGroup = 59844D97216464CB00325578;
			productRefGroup = 59844DA1216464CB00325578 /* Products */;
			projectDirPath = "";
			projectRoot = "";
			targets = (
				59844D9F216464CB00325578 /* Rushmore */,
				59844DB5216464CC00325578 /* RushmoreTests */,
				59844DC0216464CC00325578 /* RushmoreUITests */,
			);
		};
/* End PBXProject section */

/* Begin PBXResourcesBuildPhase section */
		59844D9E216464CB00325578 /* Resources */ = {
			isa = PBXResourcesBuildPhase;
			buildActionMask = 2147483647;
			files = (
				59844DB0216464CC00325578 /* LaunchScreen.storyboard in Resources */,
				59844DAD216464CC00325578 /* Assets.xcassets in Resources */,
				59844DAB216464CB00325578 /* Main.storyboard in Resources */,
				59A4EC36219B7D1B002ABF1D /* awsconfiguration (2).json in Resources */,
			);
			runOnlyForDeploymentPostprocessing = 0;
		};
		59844DB4216464CC00325578 /* Resources */ = {
			isa = PBXResourcesBuildPhase;
			buildActionMask = 2147483647;
			files = (
			);
			runOnlyForDeploymentPostprocessing = 0;
		};
		59844DBF216464CC00325578 /* Resources */ = {
			isa = PBXResourcesBuildPhase;
			buildActionMask = 2147483647;
			files = (
			);
			runOnlyForDeploymentPostprocessing = 0;
		};
/* End PBXResourcesBuildPhase section */

/* Begin PBXShellScriptBuildPhase section */
		8B117BD13C5DDA1D73113602 /* [CP] Check Pods Manifest.lock */ = {
			isa = PBXShellScriptBuildPhase;
			buildActionMask = 2147483647;
			files = (
			);
			inputPaths = (
				"${PODS_PODFILE_DIR_PATH}/Podfile.lock",
				"${PODS_ROOT}/Manifest.lock",
			);
			name = "[CP] Check Pods Manifest.lock";
			outputPaths = (
				"$(DERIVED_FILE_DIR)/Pods-Rushmore-checkManifestLockResult.txt",
			);
			runOnlyForDeploymentPostprocessing = 0;
			shellPath = /bin/sh;
			shellScript = "diff \"${PODS_PODFILE_DIR_PATH}/Podfile.lock\" \"${PODS_ROOT}/Manifest.lock\" > /dev/null\nif [ $? != 0 ] ; then\n    # print error to STDERR\n    echo \"error: The sandbox is not in sync with the Podfile.lock. Run 'pod install' or update your CocoaPods installation.\" >&2\n    exit 1\nfi\n# This output is used by Xcode 'outputs' to avoid re-running this script phase.\necho \"SUCCESS\" > \"${SCRIPT_OUTPUT_FILE_0}\"\n";
			showEnvVarsInLog = 0;
		};
		B509950D726A31D7015A9204 /* [CP] Check Pods Manifest.lock */ = {
			isa = PBXShellScriptBuildPhase;
			buildActionMask = 2147483647;
			files = (
			);
			inputPaths = (
				"${PODS_PODFILE_DIR_PATH}/Podfile.lock",
				"${PODS_ROOT}/Manifest.lock",
			);
			name = "[CP] Check Pods Manifest.lock";
			outputPaths = (
				"$(DERIVED_FILE_DIR)/Pods-RushmoreTests-checkManifestLockResult.txt",
			);
			runOnlyForDeploymentPostprocessing = 0;
			shellPath = /bin/sh;
			shellScript = "diff \"${PODS_PODFILE_DIR_PATH}/Podfile.lock\" \"${PODS_ROOT}/Manifest.lock\" > /dev/null\nif [ $? != 0 ] ; then\n    # print error to STDERR\n    echo \"error: The sandbox is not in sync with the Podfile.lock. Run 'pod install' or update your CocoaPods installation.\" >&2\n    exit 1\nfi\n# This output is used by Xcode 'outputs' to avoid re-running this script phase.\necho \"SUCCESS\" > \"${SCRIPT_OUTPUT_FILE_0}\"\n";
			showEnvVarsInLog = 0;
		};
		E02EC2501E393A5D3950A0F5 /* [CP] Check Pods Manifest.lock */ = {
			isa = PBXShellScriptBuildPhase;
			buildActionMask = 2147483647;
			files = (
			);
			inputPaths = (
				"${PODS_PODFILE_DIR_PATH}/Podfile.lock",
				"${PODS_ROOT}/Manifest.lock",
			);
			name = "[CP] Check Pods Manifest.lock";
			outputPaths = (
				"$(DERIVED_FILE_DIR)/Pods-RushmoreUITests-checkManifestLockResult.txt",
			);
			runOnlyForDeploymentPostprocessing = 0;
			shellPath = /bin/sh;
			shellScript = "diff \"${PODS_PODFILE_DIR_PATH}/Podfile.lock\" \"${PODS_ROOT}/Manifest.lock\" > /dev/null\nif [ $? != 0 ] ; then\n    # print error to STDERR\n    echo \"error: The sandbox is not in sync with the Podfile.lock. Run 'pod install' or update your CocoaPods installation.\" >&2\n    exit 1\nfi\n# This output is used by Xcode 'outputs' to avoid re-running this script phase.\necho \"SUCCESS\" > \"${SCRIPT_OUTPUT_FILE_0}\"\n";
			showEnvVarsInLog = 0;
		};
/* End PBXShellScriptBuildPhase section */

/* Begin PBXSourcesBuildPhase section */
		59844D9C216464CB00325578 /* Sources */ = {
			isa = PBXSourcesBuildPhase;
			buildActionMask = 2147483647;
			files = (
				59530D2921869BE200893736 /* RusheeProfile.swift in Sources */,
				59844DD6216474A300325578 /* Login.swift in Sources */,
				59530D2F2186DD6B00893736 /* RusheeRegister.swift in Sources */,
				599330B921899F0B00925D73 /* RusheeFeed.swift in Sources */,
				59535823219667E000C3A4A1 /* MemberFeedCell.swift in Sources */,
				599330BD2189A43B00925D73 /* Post.swift in Sources */,
				595358252196685100C3A4A1 /* MemberFeed.swift in Sources */,
				59E6CA5E21754ECF00514655 /* MemberRegister.swift in Sources */,
				59844DA4216464CB00325578 /* AppDelegate.swift in Sources */,
				599330B72188E2F200925D73 /* EditMemberProfile.swift in Sources */,
				59530D2721869ADA00893736 /* MemberProfile.swift in Sources */,
				59530D2D2186DBAD00893736 /* User.swift in Sources */,
				59530D3421880A8C00893736 /* EditRusheeProfile.swift in Sources */,
				599330BB2189A30B00925D73 /* RusheeFeedCell.swift in Sources */,
			);
			runOnlyForDeploymentPostprocessing = 0;
		};
		59844DB2216464CC00325578 /* Sources */ = {
			isa = PBXSourcesBuildPhase;
			buildActionMask = 2147483647;
			files = (
				59844DBB216464CC00325578 /* RushmoreTests.swift in Sources */,
			);
			runOnlyForDeploymentPostprocessing = 0;
		};
		59844DBD216464CC00325578 /* Sources */ = {
			isa = PBXSourcesBuildPhase;
			buildActionMask = 2147483647;
			files = (
				59844DC6216464CC00325578 /* RushmoreUITests.swift in Sources */,
			);
			runOnlyForDeploymentPostprocessing = 0;
		};
/* End PBXSourcesBuildPhase section */

/* Begin PBXTargetDependency section */
		59844DB8216464CC00325578 /* PBXTargetDependency */ = {
			isa = PBXTargetDependency;
			target = 59844D9F216464CB00325578 /* Rushmore */;
			targetProxy = 59844DB7216464CC00325578 /* PBXContainerItemProxy */;
		};
		59844DC3216464CC00325578 /* PBXTargetDependency */ = {
			isa = PBXTargetDependency;
			target = 59844D9F216464CB00325578 /* Rushmore */;
			targetProxy = 59844DC2216464CC00325578 /* PBXContainerItemProxy */;
		};
/* End PBXTargetDependency section */

/* Begin PBXVariantGroup section */
		59844DA9216464CB00325578 /* Main.storyboard */ = {
			isa = PBXVariantGroup;
			children = (
				59844DAA216464CB00325578 /* Base */,
			);
			name = Main.storyboard;
			sourceTree = "<group>";
		};
		59844DAE216464CC00325578 /* LaunchScreen.storyboard */ = {
			isa = PBXVariantGroup;
			children = (
				59844DAF216464CC00325578 /* Base */,
			);
			name = LaunchScreen.storyboard;
			sourceTree = "<group>";
		};
/* End PBXVariantGroup section */

/* Begin XCBuildConfiguration section */
		59844DC8216464CC00325578 /* Debug */ = {
			isa = XCBuildConfiguration;
			buildSettings = {
				ALWAYS_SEARCH_USER_PATHS = NO;
				CLANG_ANALYZER_NONNULL = YES;
				CLANG_ANALYZER_NUMBER_OBJECT_CONVERSION = YES_AGGRESSIVE;
				CLANG_CXX_LANGUAGE_STANDARD = "gnu++14";
				CLANG_CXX_LIBRARY = "libc++";
				CLANG_ENABLE_MODULES = YES;
				CLANG_ENABLE_OBJC_ARC = YES;
				CLANG_ENABLE_OBJC_WEAK = YES;
				CLANG_WARN_BLOCK_CAPTURE_AUTORELEASING = YES;
				CLANG_WARN_BOOL_CONVERSION = YES;
				CLANG_WARN_COMMA = YES;
				CLANG_WARN_CONSTANT_CONVERSION = YES;
				CLANG_WARN_DEPRECATED_OBJC_IMPLEMENTATIONS = YES;
				CLANG_WARN_DIRECT_OBJC_ISA_USAGE = YES_ERROR;
				CLANG_WARN_DOCUMENTATION_COMMENTS = YES;
				CLANG_WARN_EMPTY_BODY = YES;
				CLANG_WARN_ENUM_CONVERSION = YES;
				CLANG_WARN_INFINITE_RECURSION = YES;
				CLANG_WARN_INT_CONVERSION = YES;
				CLANG_WARN_NON_LITERAL_NULL_CONVERSION = YES;
				CLANG_WARN_OBJC_IMPLICIT_RETAIN_SELF = YES;
				CLANG_WARN_OBJC_LITERAL_CONVERSION = YES;
				CLANG_WARN_OBJC_ROOT_CLASS = YES_ERROR;
				CLANG_WARN_RANGE_LOOP_ANALYSIS = YES;
				CLANG_WARN_STRICT_PROTOTYPES = YES;
				CLANG_WARN_SUSPICIOUS_MOVE = YES;
				CLANG_WARN_UNGUARDED_AVAILABILITY = YES_AGGRESSIVE;
				CLANG_WARN_UNREACHABLE_CODE = YES;
				CLANG_WARN__DUPLICATE_METHOD_MATCH = YES;
				CODE_SIGN_IDENTITY = "iPhone Developer";
				COPY_PHASE_STRIP = NO;
				DEBUG_INFORMATION_FORMAT = dwarf;
				ENABLE_STRICT_OBJC_MSGSEND = YES;
				ENABLE_TESTABILITY = YES;
				GCC_C_LANGUAGE_STANDARD = gnu11;
				GCC_DYNAMIC_NO_PIC = NO;
				GCC_NO_COMMON_BLOCKS = YES;
				GCC_OPTIMIZATION_LEVEL = 0;
				GCC_PREPROCESSOR_DEFINITIONS = (
					"DEBUG=1",
					"$(inherited)",
				);
				GCC_WARN_64_TO_32_BIT_CONVERSION = YES;
				GCC_WARN_ABOUT_RETURN_TYPE = YES_ERROR;
				GCC_WARN_UNDECLARED_SELECTOR = YES;
				GCC_WARN_UNINITIALIZED_AUTOS = YES_AGGRESSIVE;
				GCC_WARN_UNUSED_FUNCTION = YES;
				GCC_WARN_UNUSED_VARIABLE = YES;
				IPHONEOS_DEPLOYMENT_TARGET = 11.4;
				MTL_ENABLE_DEBUG_INFO = YES;
				ONLY_ACTIVE_ARCH = YES;
				SDKROOT = iphoneos;
				SWIFT_ACTIVE_COMPILATION_CONDITIONS = DEBUG;
				SWIFT_OPTIMIZATION_LEVEL = "-Onone";
			};
			name = Debug;
		};
		59844DC9216464CC00325578 /* Release */ = {
			isa = XCBuildConfiguration;
			buildSettings = {
				ALWAYS_SEARCH_USER_PATHS = NO;
				CLANG_ANALYZER_NONNULL = YES;
				CLANG_ANALYZER_NUMBER_OBJECT_CONVERSION = YES_AGGRESSIVE;
				CLANG_CXX_LANGUAGE_STANDARD = "gnu++14";
				CLANG_CXX_LIBRARY = "libc++";
				CLANG_ENABLE_MODULES = YES;
				CLANG_ENABLE_OBJC_ARC = YES;
				CLANG_ENABLE_OBJC_WEAK = YES;
				CLANG_WARN_BLOCK_CAPTURE_AUTORELEASING = YES;
				CLANG_WARN_BOOL_CONVERSION = YES;
				CLANG_WARN_COMMA = YES;
				CLANG_WARN_CONSTANT_CONVERSION = YES;
				CLANG_WARN_DEPRECATED_OBJC_IMPLEMENTATIONS = YES;
				CLANG_WARN_DIRECT_OBJC_ISA_USAGE = YES_ERROR;
				CLANG_WARN_DOCUMENTATION_COMMENTS = YES;
				CLANG_WARN_EMPTY_BODY = YES;
				CLANG_WARN_ENUM_CONVERSION = YES;
				CLANG_WARN_INFINITE_RECURSION = YES;
				CLANG_WARN_INT_CONVERSION = YES;
				CLANG_WARN_NON_LITERAL_NULL_CONVERSION = YES;
				CLANG_WARN_OBJC_IMPLICIT_RETAIN_SELF = YES;
				CLANG_WARN_OBJC_LITERAL_CONVERSION = YES;
				CLANG_WARN_OBJC_ROOT_CLASS = YES_ERROR;
				CLANG_WARN_RANGE_LOOP_ANALYSIS = YES;
				CLANG_WARN_STRICT_PROTOTYPES = YES;
				CLANG_WARN_SUSPICIOUS_MOVE = YES;
				CLANG_WARN_UNGUARDED_AVAILABILITY = YES_AGGRESSIVE;
				CLANG_WARN_UNREACHABLE_CODE = YES;
				CLANG_WARN__DUPLICATE_METHOD_MATCH = YES;
				CODE_SIGN_IDENTITY = "iPhone Developer";
				COPY_PHASE_STRIP = NO;
				DEBUG_INFORMATION_FORMAT = "dwarf-with-dsym";
				ENABLE_NS_ASSERTIONS = NO;
				ENABLE_STRICT_OBJC_MSGSEND = YES;
				GCC_C_LANGUAGE_STANDARD = gnu11;
				GCC_NO_COMMON_BLOCKS = YES;
				GCC_WARN_64_TO_32_BIT_CONVERSION = YES;
				GCC_WARN_ABOUT_RETURN_TYPE = YES_ERROR;
				GCC_WARN_UNDECLARED_SELECTOR = YES;
				GCC_WARN_UNINITIALIZED_AUTOS = YES_AGGRESSIVE;
				GCC_WARN_UNUSED_FUNCTION = YES;
				GCC_WARN_UNUSED_VARIABLE = YES;
				IPHONEOS_DEPLOYMENT_TARGET = 11.4;
				MTL_ENABLE_DEBUG_INFO = NO;
				SDKROOT = iphoneos;
				SWIFT_COMPILATION_MODE = wholemodule;
				SWIFT_OPTIMIZATION_LEVEL = "-O";
				VALIDATE_PRODUCT = YES;
			};
			name = Release;
		};
		59844DCB216464CC00325578 /* Debug */ = {
			isa = XCBuildConfiguration;
			baseConfigurationReference = 3E2ABC2CEAE7208F0F7CC4B3 /* Pods-Rushmore.debug.xcconfig */;
			buildSettings = {
				ASSETCATALOG_COMPILER_APPICON_NAME = AppIcon;
				CODE_SIGN_STYLE = Automatic;
				INFOPLIST_FILE = Rushmore/Info.plist;
				LD_RUNPATH_SEARCH_PATHS = (
					"$(inherited)",
					"@executable_path/Frameworks",
				);
				PRODUCT_BUNDLE_IDENTIFIER = aconry.Rushmore;
				PRODUCT_NAME = "$(TARGET_NAME)";
				SWIFT_VERSION = 4.0;
				TARGETED_DEVICE_FAMILY = "1,2";
			};
			name = Debug;
		};
		59844DCC216464CC00325578 /* Release */ = {
			isa = XCBuildConfiguration;
			baseConfigurationReference = A21729A22306BA5B827AD46C /* Pods-Rushmore.release.xcconfig */;
			buildSettings = {
				ASSETCATALOG_COMPILER_APPICON_NAME = AppIcon;
				CODE_SIGN_STYLE = Automatic;
				INFOPLIST_FILE = Rushmore/Info.plist;
				LD_RUNPATH_SEARCH_PATHS = (
					"$(inherited)",
					"@executable_path/Frameworks",
				);
				PRODUCT_BUNDLE_IDENTIFIER = aconry.Rushmore;
				PRODUCT_NAME = "$(TARGET_NAME)";
				SWIFT_VERSION = 4.0;
				TARGETED_DEVICE_FAMILY = "1,2";
			};
			name = Release;
		};
		59844DCE216464CC00325578 /* Debug */ = {
			isa = XCBuildConfiguration;
			baseConfigurationReference = 16C42155C0F9D36AC0B0B7E7 /* Pods-RushmoreTests.debug.xcconfig */;
			buildSettings = {
				ALWAYS_EMBED_SWIFT_STANDARD_LIBRARIES = YES;
				BUNDLE_LOADER = "$(TEST_HOST)";
				CODE_SIGN_STYLE = Automatic;
				INFOPLIST_FILE = RushmoreTests/Info.plist;
				LD_RUNPATH_SEARCH_PATHS = (
					"$(inherited)",
					"@executable_path/Frameworks",
					"@loader_path/Frameworks",
				);
				PRODUCT_BUNDLE_IDENTIFIER = aconry.RushmoreTests;
				PRODUCT_NAME = "$(TARGET_NAME)";
				SWIFT_VERSION = 4.0;
				TARGETED_DEVICE_FAMILY = "1,2";
				TEST_HOST = "$(BUILT_PRODUCTS_DIR)/Rushmore.app/Rushmore";
			};
			name = Debug;
		};
		59844DCF216464CC00325578 /* Release */ = {
			isa = XCBuildConfiguration;
			baseConfigurationReference = 056426D66F97BB3E82E21AED /* Pods-RushmoreTests.release.xcconfig */;
			buildSettings = {
				ALWAYS_EMBED_SWIFT_STANDARD_LIBRARIES = YES;
				BUNDLE_LOADER = "$(TEST_HOST)";
				CODE_SIGN_STYLE = Automatic;
				INFOPLIST_FILE = RushmoreTests/Info.plist;
				LD_RUNPATH_SEARCH_PATHS = (
					"$(inherited)",
					"@executable_path/Frameworks",
					"@loader_path/Frameworks",
				);
				PRODUCT_BUNDLE_IDENTIFIER = aconry.RushmoreTests;
				PRODUCT_NAME = "$(TARGET_NAME)";
				SWIFT_VERSION = 4.0;
				TARGETED_DEVICE_FAMILY = "1,2";
				TEST_HOST = "$(BUILT_PRODUCTS_DIR)/Rushmore.app/Rushmore";
			};
			name = Release;
		};
		59844DD1216464CC00325578 /* Debug */ = {
			isa = XCBuildConfiguration;
			baseConfigurationReference = 6746FDE5A0D6691379C00129 /* Pods-RushmoreUITests.debug.xcconfig */;
			buildSettings = {
				ALWAYS_EMBED_SWIFT_STANDARD_LIBRARIES = YES;
				CODE_SIGN_STYLE = Automatic;
				INFOPLIST_FILE = RushmoreUITests/Info.plist;
				LD_RUNPATH_SEARCH_PATHS = (
					"$(inherited)",
					"@executable_path/Frameworks",
					"@loader_path/Frameworks",
				);
				PRODUCT_BUNDLE_IDENTIFIER = aconry.RushmoreUITests;
				PRODUCT_NAME = "$(TARGET_NAME)";
				SWIFT_VERSION = 4.0;
				TARGETED_DEVICE_FAMILY = "1,2";
				TEST_TARGET_NAME = Rushmore;
			};
			name = Debug;
		};
		59844DD2216464CC00325578 /* Release */ = {
			isa = XCBuildConfiguration;
			baseConfigurationReference = 3CB71CF287E149A1A64A9293 /* Pods-RushmoreUITests.release.xcconfig */;
			buildSettings = {
				ALWAYS_EMBED_SWIFT_STANDARD_LIBRARIES = YES;
				CODE_SIGN_STYLE = Automatic;
				INFOPLIST_FILE = RushmoreUITests/Info.plist;
				LD_RUNPATH_SEARCH_PATHS = (
					"$(inherited)",
					"@executable_path/Frameworks",
					"@loader_path/Frameworks",
				);
				PRODUCT_BUNDLE_IDENTIFIER = aconry.RushmoreUITests;
				PRODUCT_NAME = "$(TARGET_NAME)";
				SWIFT_VERSION = 4.0;
				TARGETED_DEVICE_FAMILY = "1,2";
				TEST_TARGET_NAME = Rushmore;
			};
			name = Release;
		};
/* End XCBuildConfiguration section */

/* Begin XCConfigurationList section */
		59844D9B216464CB00325578 /* Build configuration list for PBXProject "Rushmore" */ = {
			isa = XCConfigurationList;
			buildConfigurations = (
				59844DC8216464CC00325578 /* Debug */,
				59844DC9216464CC00325578 /* Release */,
			);
			defaultConfigurationIsVisible = 0;
			defaultConfigurationName = Release;
		};
		59844DCA216464CC00325578 /* Build configuration list for PBXNativeTarget "Rushmore" */ = {
			isa = XCConfigurationList;
			buildConfigurations = (
				59844DCB216464CC00325578 /* Debug */,
				59844DCC216464CC00325578 /* Release */,
			);
			defaultConfigurationIsVisible = 0;
			defaultConfigurationName = Release;
		};
		59844DCD216464CC00325578 /* Build configuration list for PBXNativeTarget "RushmoreTests" */ = {
			isa = XCConfigurationList;
			buildConfigurations = (
				59844DCE216464CC00325578 /* Debug */,
				59844DCF216464CC00325578 /* Release */,
			);
			defaultConfigurationIsVisible = 0;
			defaultConfigurationName = Release;
		};
		59844DD0216464CC00325578 /* Build configuration list for PBXNativeTarget "RushmoreUITests" */ = {
			isa = XCConfigurationList;
			buildConfigurations = (
				59844DD1216464CC00325578 /* Debug */,
				59844DD2216464CC00325578 /* Release */,
			);
			defaultConfigurationIsVisible = 0;
			defaultConfigurationName = Release;
		};
/* End XCConfigurationList section */
	};
	rootObject = 59844D98216464CB00325578 /* Project object */;
}
